
Microsoft Visual Studio Solution File, Format Version 12.00
# Visual Studio Version 17
VisualStudioVersion = 17.3.32922.545
MinimumVisualStudioVersion = 10.0.40219.1
Project("{FAE04EC0-301F-11D3-BF4B-00C04F79EFBC}") = "ConsoleApp21", "ConsoleApp21.csproj", "{5884F5D6-7A7B-4FA2-95C3-BF7931E9C45F}"
EndProject
Global
	GlobalSection(SolutionConfigurationPlatforms) = preSolution
		Debug|Any CPU = Debug|Any CPU
		Release|Any CPU = Release|Any CPU
	EndGlobalSection
	GlobalSection(ProjectConfigurationPlatforms) = postSolution
		{5884F5D6-7A7B-4FA2-95C3-BF7931E9C45F}.Debug|Any CPU.ActiveCfg = Debug|Any CPU
		{5884F5D6-7A7B-4FA2-95C3-BF7931E9C45F}.Debug|Any CPU.Build.0 = Debug|Any CPU
		{5884F5D6-7A7B-4FA2-95C3-BF7931E9C45F}.Release|Any CPU.ActiveCfg = Release|Any CPU
		{5884F5D6-7A7B-4FA2-95C3-BF7931E9C45F}.Release|Any CPU.Build.0 = Release|Any CPU
	EndGlobalSection
	GlobalSection(SolutionProperties) = preSolution
		HideSolutionNode = FALSE
	EndGlobalSection
	GlobalSection(ExtensibilityGlobals) = postSolution
		SolutionGuid = {E3DAF482-9A27-4E27-9E5D-3EB05BAFCCC3}
	EndGlobalSection
EndGlobal
